<Solution>
  <Folder Name="/src/">
    <Project Path="src/InventoryService.Api/InventoryService.Api.csproj" />
  </Folder>
  <Folder Name="/tests/">
    <Project Path="tests/InventoryService.Api.Tests/InventoryService.Api.Tests.csproj" />
    <Project Path="tests/InventoryService.Api.UnitTests/InventoryService.Api.UnitTests.csproj" />
  </Folder>
</Solution>
